
Microsoft Visual Studio Solution File, Format Version 12.00
# Visual Studio 14
VisualStudioVersion = 14.0.25420.1
MinimumVisualStudioVersion = 10.0.40219.1
Project("{FAE04EC0-301F-11D3-BF4B-00C04F79EFBC}") = "ChatbotCore", "ChatbotCore\ChatbotCore.csproj", "{E7BAB033-B122-4011-95A4-09054A0315F9}"
EndProject
Project("{FAE04EC0-301F-11D3-BF4B-00C04F79EFBC}") = "ConsoleChatBot", "ConsoleChatBot\ConsoleChatBot.csproj", "{7D64DB12-19FC-4A67-911B-897C12A6BA3C}"
EndProject
Project("{FAE04EC0-301F-11D3-BF4B-00C04F79EFBC}") = "TwitchChatBot", "TwitchChatBot\TwitchChatBot.csproj", "{16650222-02DE-476A-968C-1886CCD2CD22}"
EndProject
Global
	GlobalSection(SolutionConfigurationPlatforms) = preSolution
		Debug|Any CPU = Debug|Any CPU
		Release|Any CPU = Release|Any CPU
	EndGlobalSection
	GlobalSection(ProjectConfigurationPlatforms) = postSolution
		{E7BAB033-B122-4011-95A4-09054A0315F9}.Debug|Any CPU.ActiveCfg = Debug|Any CPU
		{E7BAB033-B122-4011-95A4-09054A0315F9}.Debug|Any CPU.Build.0 = Debug|Any CPU
		{E7BAB033-B122-4011-95A4-09054A0315F9}.Release|Any CPU.ActiveCfg = Release|Any CPU
		{E7BAB033-B122-4011-95A4-09054A0315F9}.Release|Any CPU.Build.0 = Release|Any CPU
		{7D64DB12-19FC-4A67-911B-897C12A6BA3C}.Debug|Any CPU.ActiveCfg = Debug|Any CPU
		{7D64DB12-19FC-4A67-911B-897C12A6BA3C}.Debug|Any CPU.Build.0 = Debug|Any CPU
		{7D64DB12-19FC-4A67-911B-897C12A6BA3C}.Release|Any CPU.ActiveCfg = Release|Any CPU
		{7D64DB12-19FC-4A67-911B-897C12A6BA3C}.Release|Any CPU.Build.0 = Release|Any CPU
		{16650222-02DE-476A-968C-1886CCD2CD22}.Debug|Any CPU.ActiveCfg = Debug|Any CPU
		{16650222-02DE-476A-968C-1886CCD2CD22}.Debug|Any CPU.Build.0 = Debug|Any CPU
		{16650222-02DE-476A-968C-1886CCD2CD22}.Release|Any CPU.ActiveCfg = Release|Any CPU
		{16650222-02DE-476A-968C-1886CCD2CD22}.Release|Any CPU.Build.0 = Release|Any CPU
	EndGlobalSection
	GlobalSection(SolutionProperties) = preSolution
		HideSolutionNode = FALSE
	EndGlobalSection
EndGlobal
